
Microsoft Visual Studio Solution File, Format Version 12.00
# Visual Studio 15
VisualStudioVersion = 15.0.27130.2020
MinimumVisualStudioVersion = 10.0.40219.1
Project("{FAE04EC0-301F-11D3-BF4B-00C04F79EFBC}") = "FileSorterOptions", "FileSorterOptions\FileSorterOptions.csproj", "{A0324E86-16B8-4471-ABA9-07B825992F94}"
EndProject
Global
	GlobalSection(SolutionConfigurationPlatforms) = preSolution
		Debug|Any CPU = Debug|Any CPU
		Release|Any CPU = Release|Any CPU
	EndGlobalSection
	GlobalSection(ProjectConfigurationPlatforms) = postSolution
		{A0324E86-16B8-4471-ABA9-07B825992F94}.Debug|Any CPU.ActiveCfg = Debug|Any CPU
		{A0324E86-16B8-4471-ABA9-07B825992F94}.Debug|Any CPU.Build.0 = Debug|Any CPU
		{A0324E86-16B8-4471-ABA9-07B825992F94}.Release|Any CPU.ActiveCfg = Release|Any CPU
		{A0324E86-16B8-4471-ABA9-07B825992F94}.Release|Any CPU.Build.0 = Release|Any CPU
	EndGlobalSection
	GlobalSection(SolutionProperties) = preSolution
		HideSolutionNode = FALSE
	EndGlobalSection
	GlobalSection(ExtensibilityGlobals) = postSolution
		SolutionGuid = {8ABCFD16-86B2-451A-B0DE-5ACE816FB7DF}
	EndGlobalSection
EndGlobal
